
Microsoft Visual Studio Solution File, Format Version 12.00
# Visual Studio Version 16
VisualStudioVersion = 16.0.29519.87
MinimumVisualStudioVersion = 10.0.40219.1
Project("{9A19103F-16F7-4668-BE54-9A1E7A4F7556}") = "whizlabwebapp", "whizlabwebapp\whizlabwebapp.csproj", "{787F03C7-2EC9-4F16-A509-8D3284E59A39}"
EndProject
Project("{FAE04EC0-301F-11D3-BF4B-00C04F79EFBC}") = "whizlabtest", "whizlabtest\whizlabtest.csproj", "{6B532CC1-6330-4168-9592-D9BCC8784517}"
EndProject
Global
	GlobalSection(SolutionConfigurationPlatforms) = preSolution
		Debug|Any CPU = Debug|Any CPU
		Release|Any CPU = Release|Any CPU
	EndGlobalSection
	GlobalSection(ProjectConfigurationPlatforms) = postSolution
		{787F03C7-2EC9-4F16-A509-8D3284E59A39}.Debug|Any CPU.ActiveCfg = Debug|Any CPU
		{787F03C7-2EC9-4F16-A509-8D3284E59A39}.Debug|Any CPU.Build.0 = Debug|Any CPU
		{787F03C7-2EC9-4F16-A509-8D3284E59A39}.Release|Any CPU.ActiveCfg = Release|Any CPU
		{787F03C7-2EC9-4F16-A509-8D3284E59A39}.Release|Any CPU.Build.0 = Release|Any CPU
		{6B532CC1-6330-4168-9592-D9BCC8784517}.Debug|Any CPU.ActiveCfg = Debug|Any CPU
		{6B532CC1-6330-4168-9592-D9BCC8784517}.Debug|Any CPU.Build.0 = Debug|Any CPU
		{6B532CC1-6330-4168-9592-D9BCC8784517}.Release|Any CPU.ActiveCfg = Release|Any CPU
		{6B532CC1-6330-4168-9592-D9BCC8784517}.Release|Any CPU.Build.0 = Release|Any CPU
	EndGlobalSection
	GlobalSection(SolutionProperties) = preSolution
		HideSolutionNode = FALSE
	EndGlobalSection
	GlobalSection(ExtensibilityGlobals) = postSolution
		SolutionGuid = {4AC020E5-8D12-4ABC-859B-5240925C0CD5}
	EndGlobalSection
EndGlobal
